
Microsoft Visual Studio Solution File, Format Version 12.00
# Visual Studio 15
VisualStudioVersion = 15.0.26430.12
MinimumVisualStudioVersion = 10.0.40219.1
Project("{FAE04EC0-301F-11D3-BF4B-00C04F79EFBC}") = "zad 1", "zad 1\zad 1.csproj", "{AC12EED5-6173-4014-977F-B3B46261802C}"
EndProject
Project("{FAE04EC0-301F-11D3-BF4B-00C04F79EFBC}") = "zad 2", "zad 2\zad 2.csproj", "{B2002B70-5966-4BD3-B7EC-E051BF6DB6B4}"
EndProject
Global
	GlobalSection(SolutionConfigurationPlatforms) = preSolution
		Debug|Any CPU = Debug|Any CPU
		Release|Any CPU = Release|Any CPU
	EndGlobalSection
	GlobalSection(ProjectConfigurationPlatforms) = postSolution
		{AC12EED5-6173-4014-977F-B3B46261802C}.Debug|Any CPU.ActiveCfg = Debug|Any CPU
		{AC12EED5-6173-4014-977F-B3B46261802C}.Debug|Any CPU.Build.0 = Debug|Any CPU
		{AC12EED5-6173-4014-977F-B3B46261802C}.Release|Any CPU.ActiveCfg = Release|Any CPU
		{AC12EED5-6173-4014-977F-B3B46261802C}.Release|Any CPU.Build.0 = Release|Any CPU
		{B2002B70-5966-4BD3-B7EC-E051BF6DB6B4}.Debug|Any CPU.ActiveCfg = Debug|Any CPU
		{B2002B70-5966-4BD3-B7EC-E051BF6DB6B4}.Debug|Any CPU.Build.0 = Debug|Any CPU
		{B2002B70-5966-4BD3-B7EC-E051BF6DB6B4}.Release|Any CPU.ActiveCfg = Release|Any CPU
		{B2002B70-5966-4BD3-B7EC-E051BF6DB6B4}.Release|Any CPU.Build.0 = Release|Any CPU
	EndGlobalSection
	GlobalSection(SolutionProperties) = preSolution
		HideSolutionNode = FALSE
	EndGlobalSection
EndGlobal
