
Microsoft Visual Studio Solution File, Format Version 12.00
# Visual Studio 15
VisualStudioVersion = 15.0.26430.12
MinimumVisualStudioVersion = 10.0.40219.1
Project("{FAE04EC0-301F-11D3-BF4B-00C04F79EFBC}") = "Square area", "Square area\Square area.csproj", "{7353B490-DB8F-4B52-BF61-3A756CC6613F}"
EndProject
Project("{FAE04EC0-301F-11D3-BF4B-00C04F79EFBC}") = "Inches", "Inches\Inches.csproj", "{025566F0-931A-437E-B1D5-C343415E08B2}"
EndProject
Project("{FAE04EC0-301F-11D3-BF4B-00C04F79EFBC}") = "Hello ime", "Hello ime\Hello ime.csproj", "{4C2526D0-84CE-4EFA-82AA-18CFB021EDA8}"
EndProject
Project("{FAE04EC0-301F-11D3-BF4B-00C04F79EFBC}") = "concatenate", "concatenate\concatenate.csproj", "{0BF7DDD9-64ED-48FC-986C-61794290D20D}"
EndProject
Project("{FAE04EC0-301F-11D3-BF4B-00C04F79EFBC}") = "trapezoid", "trapezoid\trapezoid.csproj", "{DA51D10D-7757-4F62-9095-A6E7E8D3399D}"
EndProject
Project("{FAE04EC0-301F-11D3-BF4B-00C04F79EFBC}") = "circle", "circle\circle.csproj", "{39090E37-9715-49B5-BA52-1613E301D1B9}"
EndProject
Project("{FAE04EC0-301F-11D3-BF4B-00C04F79EFBC}") = "rechtangle", "rechtangle\rechtangle.csproj", "{4574A9DF-CF65-42AF-8D53-6144E47700AB}"
EndProject
Project("{FAE04EC0-301F-11D3-BF4B-00C04F79EFBC}") = "Triangle", "ConsoleApp2\Triangle.csproj", "{C8829DE5-0DD4-46D0-A03A-EB2FA13D4FF0}"
EndProject
Project("{FAE04EC0-301F-11D3-BF4B-00C04F79EFBC}") = "CtoF", "CtoF\CtoF.csproj", "{2DB312B8-1DD3-4371-BFF6-48FD699AD9D0}"
EndProject
Project("{FAE04EC0-301F-11D3-BF4B-00C04F79EFBC}") = "RADtoDEG", "ConsoleApp3\RADtoDEG.csproj", "{77B65659-198B-4D6C-92FC-F5F1A04413CA}"
EndProject
Project("{FAE04EC0-301F-11D3-BF4B-00C04F79EFBC}") = "USDtoBGN", "USDtoBGN\USDtoBGN.csproj", "{7AA205A3-EE88-492A-A5F9-237C2D8F31BD}"
EndProject
Project("{FAE04EC0-301F-11D3-BF4B-00C04F79EFBC}") = "currency", "currency\currency.csproj", "{503AC635-10FF-4D87-B392-27153385A960}"
EndProject
Project("{FAE04EC0-301F-11D3-BF4B-00C04F79EFBC}") = "datetime", "datetime\datetime.csproj", "{23D011BE-7E70-47FB-9007-0366F3136045}"
EndProject
Global
	GlobalSection(SolutionConfigurationPlatforms) = preSolution
		Debug|Any CPU = Debug|Any CPU
		Release|Any CPU = Release|Any CPU
	EndGlobalSection
	GlobalSection(ProjectConfigurationPlatforms) = postSolution
		{7353B490-DB8F-4B52-BF61-3A756CC6613F}.Debug|Any CPU.ActiveCfg = Debug|Any CPU
		{7353B490-DB8F-4B52-BF61-3A756CC6613F}.Debug|Any CPU.Build.0 = Debug|Any CPU
		{7353B490-DB8F-4B52-BF61-3A756CC6613F}.Release|Any CPU.ActiveCfg = Release|Any CPU
		{7353B490-DB8F-4B52-BF61-3A756CC6613F}.Release|Any CPU.Build.0 = Release|Any CPU
		{025566F0-931A-437E-B1D5-C343415E08B2}.Debug|Any CPU.ActiveCfg = Debug|Any CPU
		{025566F0-931A-437E-B1D5-C343415E08B2}.Debug|Any CPU.Build.0 = Debug|Any CPU
		{025566F0-931A-437E-B1D5-C343415E08B2}.Release|Any CPU.ActiveCfg = Release|Any CPU
		{025566F0-931A-437E-B1D5-C343415E08B2}.Release|Any CPU.Build.0 = Release|Any CPU
		{4C2526D0-84CE-4EFA-82AA-18CFB021EDA8}.Debug|Any CPU.ActiveCfg = Debug|Any CPU
		{4C2526D0-84CE-4EFA-82AA-18CFB021EDA8}.Debug|Any CPU.Build.0 = Debug|Any CPU
		{4C2526D0-84CE-4EFA-82AA-18CFB021EDA8}.Release|Any CPU.ActiveCfg = Release|Any CPU
		{4C2526D0-84CE-4EFA-82AA-18CFB021EDA8}.Release|Any CPU.Build.0 = Release|Any CPU
		{0BF7DDD9-64ED-48FC-986C-61794290D20D}.Debug|Any CPU.ActiveCfg = Debug|Any CPU
		{0BF7DDD9-64ED-48FC-986C-61794290D20D}.Debug|Any CPU.Build.0 = Debug|Any CPU
		{0BF7DDD9-64ED-48FC-986C-61794290D20D}.Release|Any CPU.ActiveCfg = Release|Any CPU
		{0BF7DDD9-64ED-48FC-986C-61794290D20D}.Release|Any CPU.Build.0 = Release|Any CPU
		{DA51D10D-7757-4F62-9095-A6E7E8D3399D}.Debug|Any CPU.ActiveCfg = Debug|Any CPU
		{DA51D10D-7757-4F62-9095-A6E7E8D3399D}.Debug|Any CPU.Build.0 = Debug|Any CPU
		{DA51D10D-7757-4F62-9095-A6E7E8D3399D}.Release|Any CPU.ActiveCfg = Release|Any CPU
		{DA51D10D-7757-4F62-9095-A6E7E8D3399D}.Release|Any CPU.Build.0 = Release|Any CPU
		{39090E37-9715-49B5-BA52-1613E301D1B9}.Debug|Any CPU.ActiveCfg = Debug|Any CPU
		{39090E37-9715-49B5-BA52-1613E301D1B9}.Debug|Any CPU.Build.0 = Debug|Any CPU
		{39090E37-9715-49B5-BA52-1613E301D1B9}.Release|Any CPU.ActiveCfg = Release|Any CPU
		{39090E37-9715-49B5-BA52-1613E301D1B9}.Release|Any CPU.Build.0 = Release|Any CPU
		{4574A9DF-CF65-42AF-8D53-6144E47700AB}.Debug|Any CPU.ActiveCfg = Debug|Any CPU
		{4574A9DF-CF65-42AF-8D53-6144E47700AB}.Debug|Any CPU.Build.0 = Debug|Any CPU
		{4574A9DF-CF65-42AF-8D53-6144E47700AB}.Release|Any CPU.ActiveCfg = Release|Any CPU
		{4574A9DF-CF65-42AF-8D53-6144E47700AB}.Release|Any CPU.Build.0 = Release|Any CPU
		{C8829DE5-0DD4-46D0-A03A-EB2FA13D4FF0}.Debug|Any CPU.ActiveCfg = Debug|Any CPU
		{C8829DE5-0DD4-46D0-A03A-EB2FA13D4FF0}.Debug|Any CPU.Build.0 = Debug|Any CPU
		{C8829DE5-0DD4-46D0-A03A-EB2FA13D4FF0}.Release|Any CPU.ActiveCfg = Release|Any CPU
		{C8829DE5-0DD4-46D0-A03A-EB2FA13D4FF0}.Release|Any CPU.Build.0 = Release|Any CPU
		{2DB312B8-1DD3-4371-BFF6-48FD699AD9D0}.Debug|Any CPU.ActiveCfg = Debug|Any CPU
		{2DB312B8-1DD3-4371-BFF6-48FD699AD9D0}.Debug|Any CPU.Build.0 = Debug|Any CPU
		{2DB312B8-1DD3-4371-BFF6-48FD699AD9D0}.Release|Any CPU.ActiveCfg = Release|Any CPU
		{2DB312B8-1DD3-4371-BFF6-48FD699AD9D0}.Release|Any CPU.Build.0 = Release|Any CPU
		{77B65659-198B-4D6C-92FC-F5F1A04413CA}.Debug|Any CPU.ActiveCfg = Debug|Any CPU
		{77B65659-198B-4D6C-92FC-F5F1A04413CA}.Debug|Any CPU.Build.0 = Debug|Any CPU
		{77B65659-198B-4D6C-92FC-F5F1A04413CA}.Release|Any CPU.ActiveCfg = Release|Any CPU
		{77B65659-198B-4D6C-92FC-F5F1A04413CA}.Release|Any CPU.Build.0 = Release|Any CPU
		{7AA205A3-EE88-492A-A5F9-237C2D8F31BD}.Debug|Any CPU.ActiveCfg = Debug|Any CPU
		{7AA205A3-EE88-492A-A5F9-237C2D8F31BD}.Debug|Any CPU.Build.0 = Debug|Any CPU
		{7AA205A3-EE88-492A-A5F9-237C2D8F31BD}.Release|Any CPU.ActiveCfg = Release|Any CPU
		{7AA205A3-EE88-492A-A5F9-237C2D8F31BD}.Release|Any CPU.Build.0 = Release|Any CPU
		{503AC635-10FF-4D87-B392-27153385A960}.Debug|Any CPU.ActiveCfg = Debug|Any CPU
		{503AC635-10FF-4D87-B392-27153385A960}.Debug|Any CPU.Build.0 = Debug|Any CPU
		{503AC635-10FF-4D87-B392-27153385A960}.Release|Any CPU.ActiveCfg = Release|Any CPU
		{503AC635-10FF-4D87-B392-27153385A960}.Release|Any CPU.Build.0 = Release|Any CPU
		{23D011BE-7E70-47FB-9007-0366F3136045}.Debug|Any CPU.ActiveCfg = Debug|Any CPU
		{23D011BE-7E70-47FB-9007-0366F3136045}.Debug|Any CPU.Build.0 = Debug|Any CPU
		{23D011BE-7E70-47FB-9007-0366F3136045}.Release|Any CPU.ActiveCfg = Release|Any CPU
		{23D011BE-7E70-47FB-9007-0366F3136045}.Release|Any CPU.Build.0 = Release|Any CPU
	EndGlobalSection
	GlobalSection(SolutionProperties) = preSolution
		HideSolutionNode = FALSE
	EndGlobalSection
EndGlobal
