
Microsoft Visual Studio Solution File, Format Version 12.00
# Visual Studio 15
VisualStudioVersion = 15.0.26430.12
MinimumVisualStudioVersion = 10.0.40219.1
Project("{FAE04EC0-301F-11D3-BF4B-00C04F79EFBC}") = "zad 1", "zad 1\zad 1.csproj", "{CC108024-7907-4625-BDD6-CE2C1D61AB4D}"
EndProject
Project("{FAE04EC0-301F-11D3-BF4B-00C04F79EFBC}") = "zad 2", "zad 2\zad 2.csproj", "{D5690B7E-20BE-4856-AABA-6DD2DD9D43D5}"
EndProject
Global
	GlobalSection(SolutionConfigurationPlatforms) = preSolution
		Debug|Any CPU = Debug|Any CPU
		Release|Any CPU = Release|Any CPU
	EndGlobalSection
	GlobalSection(ProjectConfigurationPlatforms) = postSolution
		{CC108024-7907-4625-BDD6-CE2C1D61AB4D}.Debug|Any CPU.ActiveCfg = Debug|Any CPU
		{CC108024-7907-4625-BDD6-CE2C1D61AB4D}.Debug|Any CPU.Build.0 = Debug|Any CPU
		{CC108024-7907-4625-BDD6-CE2C1D61AB4D}.Release|Any CPU.ActiveCfg = Release|Any CPU
		{CC108024-7907-4625-BDD6-CE2C1D61AB4D}.Release|Any CPU.Build.0 = Release|Any CPU
		{D5690B7E-20BE-4856-AABA-6DD2DD9D43D5}.Debug|Any CPU.ActiveCfg = Debug|Any CPU
		{D5690B7E-20BE-4856-AABA-6DD2DD9D43D5}.Debug|Any CPU.Build.0 = Debug|Any CPU
		{D5690B7E-20BE-4856-AABA-6DD2DD9D43D5}.Release|Any CPU.ActiveCfg = Release|Any CPU
		{D5690B7E-20BE-4856-AABA-6DD2DD9D43D5}.Release|Any CPU.Build.0 = Release|Any CPU
	EndGlobalSection
	GlobalSection(SolutionProperties) = preSolution
		HideSolutionNode = FALSE
	EndGlobalSection
EndGlobal
